
Microsoft Visual Studio Solution File, Format Version 12.00
# Visual Studio Version 16
VisualStudioVersion = 16.0.29920.165
MinimumVisualStudioVersion = 10.0.40219.1
Project("{FAE04EC0-301F-11D3-BF4B-00C04F79EFBC}") = "BackupNuvemSBuild_Configuration", "BackupNuvemSBuild\BackupNuvemSBuild_Configuration.csproj", "{FD43E425-C29E-4E55-A718-D992DCB170B5}"
EndProject
Project("{FAE04EC0-301F-11D3-BF4B-00C04F79EFBC}") = "BackupNuvemSBuild_Runtime", "BackupNuvemSBuild_Runtime\BackupNuvemSBuild_Runtime.csproj", "{61D9A5D7-97CC-4D23-9465-6D4275548D06}"
EndProject
Project("{54435603-DBB4-11D2-8724-00A0C9A8B90C}") = "BackupNuvemSBuild_Installer", "BackupNuvemSBuild_Installer\BackupNuvemSBuild_Installer.vdproj", "{9100BB7D-F688-470E-BC62-188EC91AD44E}"
EndProject
Project("{FAE04EC0-301F-11D3-BF4B-00C04F79EFBC}") = "BackupNuvemSBuild_Models", "BackupNuvemSBuild_Models\BackupNuvemSBuild_Models.csproj", "{ABCD2749-B894-471F-9F60-A3C38412F4EA}"
EndProject
Global
	GlobalSection(SolutionConfigurationPlatforms) = preSolution
		Debug|Any CPU = Debug|Any CPU
		Release|Any CPU = Release|Any CPU
	EndGlobalSection
	GlobalSection(ProjectConfigurationPlatforms) = postSolution
		{FD43E425-C29E-4E55-A718-D992DCB170B5}.Debug|Any CPU.ActiveCfg = Debug|Any CPU
		{FD43E425-C29E-4E55-A718-D992DCB170B5}.Debug|Any CPU.Build.0 = Debug|Any CPU
		{FD43E425-C29E-4E55-A718-D992DCB170B5}.Release|Any CPU.ActiveCfg = Release|Any CPU
		{FD43E425-C29E-4E55-A718-D992DCB170B5}.Release|Any CPU.Build.0 = Release|Any CPU
		{61D9A5D7-97CC-4D23-9465-6D4275548D06}.Debug|Any CPU.ActiveCfg = Debug|Any CPU
		{61D9A5D7-97CC-4D23-9465-6D4275548D06}.Debug|Any CPU.Build.0 = Debug|Any CPU
		{61D9A5D7-97CC-4D23-9465-6D4275548D06}.Release|Any CPU.ActiveCfg = Release|Any CPU
		{61D9A5D7-97CC-4D23-9465-6D4275548D06}.Release|Any CPU.Build.0 = Release|Any CPU
		{9100BB7D-F688-470E-BC62-188EC91AD44E}.Debug|Any CPU.ActiveCfg = Debug
		{9100BB7D-F688-470E-BC62-188EC91AD44E}.Release|Any CPU.ActiveCfg = Release
		{ABCD2749-B894-471F-9F60-A3C38412F4EA}.Debug|Any CPU.ActiveCfg = Debug|Any CPU
		{ABCD2749-B894-471F-9F60-A3C38412F4EA}.Debug|Any CPU.Build.0 = Debug|Any CPU
		{ABCD2749-B894-471F-9F60-A3C38412F4EA}.Release|Any CPU.ActiveCfg = Release|Any CPU
		{ABCD2749-B894-471F-9F60-A3C38412F4EA}.Release|Any CPU.Build.0 = Release|Any CPU
	EndGlobalSection
	GlobalSection(SolutionProperties) = preSolution
		HideSolutionNode = FALSE
	EndGlobalSection
	GlobalSection(ExtensibilityGlobals) = postSolution
		SolutionGuid = {7CCD458A-3C75-469C-B599-5C57FAD6E842}
	EndGlobalSection
EndGlobal
